
Microsoft Visual Studio Solution File, Format Version 12.00
# Visual Studio 2013
VisualStudioVersion = 12.0.30723.0
MinimumVisualStudioVersion = 10.0.40219.1
Project("{FAE04EC0-301F-11D3-BF4B-00C04F79EFBC}") = "cs-9-ex1", "cs-9-ex1.csproj", "{6010E22A-49E7-4250-B293-677F315DA280}"
EndProject
Global
	GlobalSection(SolutionConfigurationPlatforms) = preSolution
		Debug|Any CPU = Debug|Any CPU
		Release|Any CPU = Release|Any CPU
	EndGlobalSection
	GlobalSection(ProjectConfigurationPlatforms) = postSolution
		{6010E22A-49E7-4250-B293-677F315DA280}.Debug|Any CPU.ActiveCfg = Debug|Any CPU
		{6010E22A-49E7-4250-B293-677F315DA280}.Debug|Any CPU.Build.0 = Debug|Any CPU
		{6010E22A-49E7-4250-B293-677F315DA280}.Release|Any CPU.ActiveCfg = Release|Any CPU
		{6010E22A-49E7-4250-B293-677F315DA280}.Release|Any CPU.Build.0 = Release|Any CPU
	EndGlobalSection
	GlobalSection(SolutionProperties) = preSolution
		HideSolutionNode = FALSE
	EndGlobalSection
EndGlobal
