
Microsoft Visual Studio Solution File, Format Version 12.00
# Visual Studio 2013
VisualStudioVersion = 12.0.30723.0
MinimumVisualStudioVersion = 10.0.40219.1
Project("{FAE04EC0-301F-11D3-BF4B-00C04F79EFBC}") = "cs-12-ex1", "cs-12-ex1.csproj", "{B2F875C9-0BA2-4B7E-8D1A-1360FD320FBC}"
EndProject
Global
	GlobalSection(SolutionConfigurationPlatforms) = preSolution
		Debug|Any CPU = Debug|Any CPU
		Release|Any CPU = Release|Any CPU
	EndGlobalSection
	GlobalSection(ProjectConfigurationPlatforms) = postSolution
		{B2F875C9-0BA2-4B7E-8D1A-1360FD320FBC}.Debug|Any CPU.ActiveCfg = Debug|Any CPU
		{B2F875C9-0BA2-4B7E-8D1A-1360FD320FBC}.Debug|Any CPU.Build.0 = Debug|Any CPU
		{B2F875C9-0BA2-4B7E-8D1A-1360FD320FBC}.Release|Any CPU.ActiveCfg = Release|Any CPU
		{B2F875C9-0BA2-4B7E-8D1A-1360FD320FBC}.Release|Any CPU.Build.0 = Release|Any CPU
	EndGlobalSection
	GlobalSection(SolutionProperties) = preSolution
		HideSolutionNode = FALSE
	EndGlobalSection
EndGlobal
